%{
  "flame": {:hex, :flame, "0.5.2", "d46c4daa19b8921b71e0e57dc69edc01ce1311b1976c160192b05d4253b336e8", [:mix], [{:castore, ">= 0.0.0", [hex: :castore, repo: "hexpm", optional: true]}, {:jason, ">= 0.0.0", [hex: :jason, repo: "hexpm", optional: true]}], "hexpm", "82560ebef6ab3c277875493d0c93494740c930db0b1a3ff1a570eee9206cc6c0"},
}
